
Microsoft Visual Studio Solution File, Format Version 12.00
# Visual Studio Version 17
VisualStudioVersion = 17.5.002.0
MinimumVisualStudioVersion = 10.0.40219.1
Project("{9A19103F-16F7-4668-BE54-9A1E7A4F7556}") = "CRM", "CRM.csproj", "{A52E35B7-5D86-40F4-8D4F-4D26C40C5ACE}"
EndProject
Global
	GlobalSection(SolutionConfigurationPlatforms) = preSolution
		Debug|Any CPU = Debug|Any CPU
		Release|Any CPU = Release|Any CPU
	EndGlobalSection
	GlobalSection(ProjectConfigurationPlatforms) = postSolution
		{A52E35B7-5D86-40F4-8D4F-4D26C40C5ACE}.Debug|Any CPU.ActiveCfg = Debug|Any CPU
		{A52E35B7-5D86-40F4-8D4F-4D26C40C5ACE}.Debug|Any CPU.Build.0 = Debug|Any CPU
		{A52E35B7-5D86-40F4-8D4F-4D26C40C5ACE}.Release|Any CPU.ActiveCfg = Release|Any CPU
		{A52E35B7-5D86-40F4-8D4F-4D26C40C5ACE}.Release|Any CPU.Build.0 = Release|Any CPU
	EndGlobalSection
	GlobalSection(SolutionProperties) = preSolution
		HideSolutionNode = FALSE
	EndGlobalSection
	GlobalSection(ExtensibilityGlobals) = postSolution
		SolutionGuid = {92DE6956-DF8D-4797-A241-6D83223B0112}
	EndGlobalSection
EndGlobal
